
Microsoft Visual Studio Solution File, Format Version 12.00
# Visual Studio Version 16
VisualStudioVersion = 16.0.30717.126
MinimumVisualStudioVersion = 10.0.40219.1
Project("{8BC9CEB8-8B4A-11D0-8D11-00A0C91BC942}") = "db2mag", "db2mag.vcxproj", "{E5B062A0-992B-462F-B7E2-628E2A7806FD}"
EndProject
Global
	GlobalSection(SolutionConfigurationPlatforms) = preSolution
		Debug|x64 = Debug|x64
		Debug|x86 = Debug|x86
		Release|x64 = Release|x64
		Release|x86 = Release|x86
	EndGlobalSection
	GlobalSection(ProjectConfigurationPlatforms) = postSolution
		{E5B062A0-992B-462F-B7E2-628E2A7806FD}.Debug|x64.ActiveCfg = Debug|x64
		{E5B062A0-992B-462F-B7E2-628E2A7806FD}.Debug|x64.Build.0 = Debug|x64
		{E5B062A0-992B-462F-B7E2-628E2A7806FD}.Debug|x86.ActiveCfg = Debug|Win32
		{E5B062A0-992B-462F-B7E2-628E2A7806FD}.Debug|x86.Build.0 = Debug|Win32
		{E5B062A0-992B-462F-B7E2-628E2A7806FD}.Release|x64.ActiveCfg = Release|x64
		{E5B062A0-992B-462F-B7E2-628E2A7806FD}.Release|x64.Build.0 = Release|x64
		{E5B062A0-992B-462F-B7E2-628E2A7806FD}.Release|x86.ActiveCfg = Release|Win32
		{E5B062A0-992B-462F-B7E2-628E2A7806FD}.Release|x86.Build.0 = Release|Win32
	EndGlobalSection
	GlobalSection(SolutionProperties) = preSolution
		HideSolutionNode = FALSE
	EndGlobalSection
	GlobalSection(ExtensibilityGlobals) = postSolution
		SolutionGuid = {1494EE8F-30B1-45F1-AD52-24D18C6D33B4}
	EndGlobalSection
EndGlobal
