
Microsoft Visual Studio Solution File, Format Version 12.00
# Visual Studio Version 16
VisualStudioVersion = 16.0.30717.126
MinimumVisualStudioVersion = 10.0.40219.1
Project("{8BC9CEB8-8B4A-11D0-8D11-00A0C91BC942}") = "frexp", "frexp.vcxproj", "{3D1322B8-90DA-48E7-A4B1-B9E8EC3B33BC}"
EndProject
Global
	GlobalSection(SolutionConfigurationPlatforms) = preSolution
		Debug|x64 = Debug|x64
		Debug|x86 = Debug|x86
		Release|x64 = Release|x64
		Release|x86 = Release|x86
	EndGlobalSection
	GlobalSection(ProjectConfigurationPlatforms) = postSolution
		{3D1322B8-90DA-48E7-A4B1-B9E8EC3B33BC}.Debug|x64.ActiveCfg = Debug|x64
		{3D1322B8-90DA-48E7-A4B1-B9E8EC3B33BC}.Debug|x64.Build.0 = Debug|x64
		{3D1322B8-90DA-48E7-A4B1-B9E8EC3B33BC}.Debug|x86.ActiveCfg = Debug|Win32
		{3D1322B8-90DA-48E7-A4B1-B9E8EC3B33BC}.Debug|x86.Build.0 = Debug|Win32
		{3D1322B8-90DA-48E7-A4B1-B9E8EC3B33BC}.Release|x64.ActiveCfg = Release|x64
		{3D1322B8-90DA-48E7-A4B1-B9E8EC3B33BC}.Release|x64.Build.0 = Release|x64
		{3D1322B8-90DA-48E7-A4B1-B9E8EC3B33BC}.Release|x86.ActiveCfg = Release|Win32
		{3D1322B8-90DA-48E7-A4B1-B9E8EC3B33BC}.Release|x86.Build.0 = Release|Win32
	EndGlobalSection
	GlobalSection(SolutionProperties) = preSolution
		HideSolutionNode = FALSE
	EndGlobalSection
	GlobalSection(ExtensibilityGlobals) = postSolution
		SolutionGuid = {9C81B850-6DC5-4E57-966D-7D267816C57A}
	EndGlobalSection
EndGlobal
